
Microsoft Visual Studio Solution File, Format Version 12.00
# Visual Studio Version 16
VisualStudioVersion = 16.0.30114.105
MinimumVisualStudioVersion = 10.0.40219.1
Project("{FAE04EC0-301F-11D3-BF4B-00C04F79EFBC}") = "MoneyExtension", "MoneyExtension\MoneyExtension.csproj", "{78EECF7D-B89B-4278-9C07-5D0D295CDF73}"
EndProject
Project("{FAE04EC0-301F-11D3-BF4B-00C04F79EFBC}") = "MoneyExtension.Tests", "MoneyExtension.Tests\MoneyExtension.Tests.csproj", "{4C7BC9FA-E5F7-4821-BF09-6C5B207F4D14}"
EndProject
Global
	GlobalSection(SolutionConfigurationPlatforms) = preSolution
		Debug|Any CPU = Debug|Any CPU
		Release|Any CPU = Release|Any CPU
	EndGlobalSection
	GlobalSection(SolutionProperties) = preSolution
		HideSolutionNode = FALSE
	EndGlobalSection
	GlobalSection(ProjectConfigurationPlatforms) = postSolution
		{78EECF7D-B89B-4278-9C07-5D0D295CDF73}.Debug|Any CPU.ActiveCfg = Debug|Any CPU
		{78EECF7D-B89B-4278-9C07-5D0D295CDF73}.Debug|Any CPU.Build.0 = Debug|Any CPU
		{78EECF7D-B89B-4278-9C07-5D0D295CDF73}.Release|Any CPU.ActiveCfg = Release|Any CPU
		{78EECF7D-B89B-4278-9C07-5D0D295CDF73}.Release|Any CPU.Build.0 = Release|Any CPU
		{4C7BC9FA-E5F7-4821-BF09-6C5B207F4D14}.Debug|Any CPU.ActiveCfg = Debug|Any CPU
		{4C7BC9FA-E5F7-4821-BF09-6C5B207F4D14}.Debug|Any CPU.Build.0 = Debug|Any CPU
		{4C7BC9FA-E5F7-4821-BF09-6C5B207F4D14}.Release|Any CPU.ActiveCfg = Release|Any CPU
		{4C7BC9FA-E5F7-4821-BF09-6C5B207F4D14}.Release|Any CPU.Build.0 = Release|Any CPU
	EndGlobalSection
EndGlobal
